
Microsoft Visual Studio Solution File, Format Version 12.00
# Visual Studio Version 17
VisualStudioVersion = 17.0.31919.166
MinimumVisualStudioVersion = 10.0.40219.1
Project("{FAE04EC0-301F-11D3-BF4B-00C04F79EFBC}") = "ConsoleApp22", "ConsoleApp22\ConsoleApp22.csproj", "{C7C53DE0-B140-47C5-A72E-9467E9895486}"
EndProject
Global
	GlobalSection(SolutionConfigurationPlatforms) = preSolution
		Debug|Any CPU = Debug|Any CPU
		Release|Any CPU = Release|Any CPU
	EndGlobalSection
	GlobalSection(ProjectConfigurationPlatforms) = postSolution
		{C7C53DE0-B140-47C5-A72E-9467E9895486}.Debug|Any CPU.ActiveCfg = Debug|Any CPU
		{C7C53DE0-B140-47C5-A72E-9467E9895486}.Debug|Any CPU.Build.0 = Debug|Any CPU
		{C7C53DE0-B140-47C5-A72E-9467E9895486}.Release|Any CPU.ActiveCfg = Release|Any CPU
		{C7C53DE0-B140-47C5-A72E-9467E9895486}.Release|Any CPU.Build.0 = Release|Any CPU
	EndGlobalSection
	GlobalSection(SolutionProperties) = preSolution
		HideSolutionNode = FALSE
	EndGlobalSection
	GlobalSection(ExtensibilityGlobals) = postSolution
		SolutionGuid = {F3CBA6B5-1D55-4AB8-9045-A65468D21FD2}
	EndGlobalSection
EndGlobal
